
Microsoft Visual Studio Solution File, Format Version 12.00
# Visual Studio Version 17
VisualStudioVersion = 17.8.34322.80
MinimumVisualStudioVersion = 10.0.40219.1
Project("{FAE04EC0-301F-11D3-BF4B-00C04F79EFBC}") = "HtmlHelper", "HtmlHelper.csproj", "{F69B7B12-276D-4E48-9660-C8FD7278A238}"
EndProject
Global
	GlobalSection(SolutionConfigurationPlatforms) = preSolution
		Debug|Any CPU = Debug|Any CPU
		Release|Any CPU = Release|Any CPU
	EndGlobalSection
	GlobalSection(ProjectConfigurationPlatforms) = postSolution
		{F69B7B12-276D-4E48-9660-C8FD7278A238}.Debug|Any CPU.ActiveCfg = Debug|Any CPU
		{F69B7B12-276D-4E48-9660-C8FD7278A238}.Debug|Any CPU.Build.0 = Debug|Any CPU
		{F69B7B12-276D-4E48-9660-C8FD7278A238}.Release|Any CPU.ActiveCfg = Release|Any CPU
		{F69B7B12-276D-4E48-9660-C8FD7278A238}.Release|Any CPU.Build.0 = Release|Any CPU
	EndGlobalSection
	GlobalSection(SolutionProperties) = preSolution
		HideSolutionNode = FALSE
	EndGlobalSection
	GlobalSection(ExtensibilityGlobals) = postSolution
		SolutionGuid = {388AE26F-B3F6-4B36-A873-17BE5C63A2A6}
	EndGlobalSection
EndGlobal
